// !$*UTF8*$!
{
	archiveVersion = 1;
	classes = {
	};
	objectVersion = 46;
	objects = {

/* Begin PBXBuildFile section */
		96E30C121AF4F851004257AA /* AppDelegate.swift in Sources */ = {isa = PBXBuildFile; fileRef = 96E30C111AF4F851004257AA /* AppDelegate.swift */; };
		96E30C171AF4F851004257AA /* Main.storyboard in Resources */ = {isa = PBXBuildFile; fileRef = 96E30C151AF4F851004257AA /* Main.storyboard */; };
		96E30C191AF4F851004257AA /* Images.xcassets in Resources */ = {isa = PBXBuildFile; fileRef = 96E30C181AF4F851004257AA /* Images.xcassets */; };
		96E30C1C1AF4F851004257AA /* LaunchScreen.xib in Resources */ = {isa = PBXBuildFile; fileRef = 96E30C1A1AF4F851004257AA /* LaunchScreen.xib */; };
		96E30C281AF4F851004257AA /* HappinessTests.swift in Sources */ = {isa = PBXBuildFile; fileRef = 96E30C271AF4F851004257AA /* HappinessTests.swift */; };
		96E30C321AF4F91C004257AA /* HappinessViewController.swift in Sources */ = {isa = PBXBuildFile; fileRef = 96E30C311AF4F91C004257AA /* HappinessViewController.swift */; };
		96E30C341AF4FDB3004257AA /* FaceView.swift in Sources */ = {isa = PBXBuildFile; fileRef = 96E30C331AF4FDB3004257AA /* FaceView.swift */; };
/* End PBXBuildFile section */

/* Begin PBXContainerItemProxy section */
		96E30C221AF4F851004257AA /* PBXContainerItemProxy */ = {
			isa = PBXContainerItemProxy;
			containerPortal = 96E30C041AF4F851004257AA /* Project object */;
			proxyType = 1;
			remoteGlobalIDString = 96E30C0B1AF4F851004257AA;
			remoteInfo = Happiness;
		};
/* End PBXContainerItemProxy section */

/* Begin PBXFileReference section */
		96E30C0C1AF4F851004257AA /* Happiness.app */ = {isa = PBXFileReference; explicitFileType = wrapper.application; includeInIndex = 0; path = Happiness.app; sourceTree = BUILT_PRODUCTS_DIR; };
		96E30C101AF4F851004257AA /* Info.plist */ = {isa = PBXFileReference; lastKnownFileType = text.plist.xml; path = Info.plist; sourceTree = "<group>"; };
		96E30C111AF4F851004257AA /* AppDelegate.swift */ = {isa = PBXFileReference; lastKnownFileType = sourcecode.swift; path = AppDelegate.swift; sourceTree = "<group>"; };
		96E30C161AF4F851004257AA /* Base */ = {isa = PBXFileReference; lastKnownFileType = file.storyboard; name = Base; path = Base.lproj/Main.storyboard; sourceTree = "<group>"; };
		96E30C181AF4F851004257AA /* Images.xcassets */ = {isa = PBXFileReference; lastKnownFileType = folder.assetcatalog; path = Images.xcassets; sourceTree = "<group>"; };
		96E30C1B1AF4F851004257AA /* Base */ = {isa = PBXFileReference; lastKnownFileType = file.xib; name = Base; path = Base.lproj/LaunchScreen.xib; sourceTree = "<group>"; };
		96E30C211AF4F851004257AA /* HappinessTests.xctest */ = {isa = PBXFileReference; explicitFileType = wrapper.cfbundle; includeInIndex = 0; path = HappinessTests.xctest; sourceTree = BUILT_PRODUCTS_DIR; };
		96E30C261AF4F851004257AA /* Info.plist */ = {isa = PBXFileReference; lastKnownFileType = text.plist.xml; path = Info.plist; sourceTree = "<group>"; };
		96E30C271AF4F851004257AA /* HappinessTests.swift */ = {isa = PBXFileReference; lastKnownFileType = sourcecode.swift; path = HappinessTests.swift; sourceTree = "<group>"; };
		96E30C311AF4F91C004257AA /* HappinessViewController.swift */ = {isa = PBXFileReference; fileEncoding = 4; lastKnownFileType = sourcecode.swift; path = HappinessViewController.swift; sourceTree = "<group>"; };
		96E30C331AF4FDB3004257AA /* FaceView.swift */ = {isa = PBXFileReference; fileEncoding = 4; lastKnownFileType = sourcecode.swift; path = FaceView.swift; sourceTree = "<group>"; };
/* End PBXFileReference section */

/* Begin PBXFrameworksBuildPhase section */
		96E30C091AF4F851004257AA /* Frameworks */ = {
			isa = PBXFrameworksBuildPhase;
			buildActionMask = 2147483647;
			files = (
			);
			runOnlyForDeploymentPostprocessing = 0;
		};
		96E30C1E1AF4F851004257AA /* Frameworks */ = {
			isa = PBXFrameworksBuildPhase;
			buildActionMask = 2147483647;
			files = (
			);
			runOnlyForDeploymentPostprocessing = 0;
		};
/* End PBXFrameworksBuildPhase section */

/* Begin PBXGroup section */
		96E30C031AF4F851004257AA = {
			isa = PBXGroup;
			children = (
				96E30C0E1AF4F851004257AA /* Happiness */,
				96E30C241AF4F851004257AA /* HappinessTests */,
				96E30C0D1AF4F851004257AA /* Products */,
			);
			sourceTree = "<group>";
		};
		96E30C0D1AF4F851004257AA /* Products */ = {
			isa = PBXGroup;
			children = (
				96E30C0C1AF4F851004257AA /* Happiness.app */,
				96E30C211AF4F851004257AA /* HappinessTests.xctest */,
			);
			name = Products;
			sourceTree = "<group>";
		};
		96E30C0E1AF4F851004257AA /* Happiness */ = {
			isa = PBXGroup;
			children = (
				96E30C111AF4F851004257AA /* AppDelegate.swift */,
				96E30C151AF4F851004257AA /* Main.storyboard */,
				96E30C331AF4FDB3004257AA /* FaceView.swift */,
				96E30C311AF4F91C004257AA /* HappinessViewController.swift */,
				96E30C0F1AF4F851004257AA /* Supporting Files */,
			);
			path = Happiness;
			sourceTree = "<group>";
		};
		96E30C0F1AF4F851004257AA /* Supporting Files */ = {
			isa = PBXGroup;
			children = (
				96E30C1A1AF4F851004257AA /* LaunchScreen.xib */,
				96E30C181AF4F851004257AA /* Images.xcassets */,
				96E30C101AF4F851004257AA /* Info.plist */,
			);
			name = "Supporting Files";
			sourceTree = "<group>";
		};
		96E30C241AF4F851004257AA /* HappinessTests */ = {
			isa = PBXGroup;
			children = (
				96E30C271AF4F851004257AA /* HappinessTests.swift */,
				96E30C251AF4F851004257AA /* Supporting Files */,
			);
			path = HappinessTests;
			sourceTree = "<group>";
		};
		96E30C251AF4F851004257AA /* Supporting Files */ = {
			isa = PBXGroup;
			children = (
				96E30C261AF4F851004257AA /* Info.plist */,
			);
			name = "Supporting Files";
			sourceTree = "<group>";
		};
/* End PBXGroup section */

/* Begin PBXNativeTarget section */
		96E30C0B1AF4F851004257AA /* Happiness */ = {
			isa = PBXNativeTarget;
			buildConfigurationList = 96E30C2B1AF4F851004257AA /* Build configuration list for PBXNativeTarget "Happiness" */;
			buildPhases = (
				96E30C081AF4F851004257AA /* Sources */,
				96E30C091AF4F851004257AA /* Frameworks */,
				96E30C0A1AF4F851004257AA /* Resources */,
			);
			buildRules = (
			);
			dependencies = (
			);
			name = Happiness;
			productName = Happiness;
			productReference = 96E30C0C1AF4F851004257AA /* Happiness.app */;
			productType = "com.apple.product-type.application";
		};
		96E30C201AF4F851004257AA /* HappinessTests */ = {
			isa = PBXNativeTarget;
			buildConfigurationList = 96E30C2E1AF4F851004257AA /* Build configuration list for PBXNativeTarget "HappinessTests" */;
			buildPhases = (
				96E30C1D1AF4F851004257AA /* Sources */,
				96E30C1E1AF4F851004257AA /* Frameworks */,
				96E30C1F1AF4F851004257AA /* Resources */,
			);
			buildRules = (
			);
			dependencies = (
				96E30C231AF4F851004257AA /* PBXTargetDependency */,
			);
			name = HappinessTests;
			productName = HappinessTests;
			productReference = 96E30C211AF4F851004257AA /* HappinessTests.xctest */;
			productType = "com.apple.product-type.bundle.unit-test";
		};
/* End PBXNativeTarget section */

/* Begin PBXProject section */
		96E30C041AF4F851004257AA /* Project object */ = {
			isa = PBXProject;
			attributes = {
				LastUpgradeCheck = 0610;
				ORGANIZATIONNAME = "Jim Veneskey";
				TargetAttributes = {
					96E30C0B1AF4F851004257AA = {
						CreatedOnToolsVersion = 6.1.1;
					};
					96E30C201AF4F851004257AA = {
						CreatedOnToolsVersion = 6.1.1;
						TestTargetID = 96E30C0B1AF4F851004257AA;
					};
				};
			};
			buildConfigurationList = 96E30C071AF4F851004257AA /* Build configuration list for PBXProject "Happiness" */;
			compatibilityVersion = "Xcode 3.2";
			developmentRegion = English;
			hasScannedForEncodings = 0;
			knownRegions = (
				en,
				Base,
			);
			mainGroup = 96E30C031AF4F851004257AA;
			productRefGroup = 96E30C0D1AF4F851004257AA /* Products */;
			projectDirPath = "";
			projectRoot = "";
			targets = (
				96E30C0B1AF4F851004257AA /* Happiness */,
				96E30C201AF4F851004257AA /* HappinessTests */,
			);
		};
/* End PBXProject section */

/* Begin PBXResourcesBuildPhase section */
		96E30C0A1AF4F851004257AA /* Resources */ = {
			isa = PBXResourcesBuildPhase;
			buildActionMask = 2147483647;
			files = (
				96E30C171AF4F851004257AA /* Main.storyboard in Resources */,
				96E30C1C1AF4F851004257AA /* LaunchScreen.xib in Resources */,
				96E30C191AF4F851004257AA /* Images.xcassets in Resources */,
			);
			runOnlyForDeploymentPostprocessing = 0;
		};
		96E30C1F1AF4F851004257AA /* Resources */ = {
			isa = PBXResourcesBuildPhase;
			buildActionMask = 2147483647;
			files = (
			);
			runOnlyForDeploymentPostprocessing = 0;
		};
/* End PBXResourcesBuildPhase section */

/* Begin PBXSourcesBuildPhase section */
		96E30C081AF4F851004257AA /* Sources */ = {
			isa = PBXSourcesBuildPhase;
			buildActionMask = 2147483647;
			files = (
				96E30C321AF4F91C004257AA /* HappinessViewController.swift in Sources */,
				96E30C121AF4F851004257AA /* AppDelegate.swift in Sources */,
				96E30C341AF4FDB3004257AA /* FaceView.swift in Sources */,
			);
			runOnlyForDeploymentPostprocessing = 0;
		};
		96E30C1D1AF4F851004257AA /* Sources */ = {
			isa = PBXSourcesBuildPhase;
			buildActionMask = 2147483647;
			files = (
				96E30C281AF4F851004257AA /* HappinessTests.swift in Sources */,
			);
			runOnlyForDeploymentPostprocessing = 0;
		};
/* End PBXSourcesBuildPhase section */

/* Begin PBXTargetDependency section */
		96E30C231AF4F851004257AA /* PBXTargetDependency */ = {
			isa = PBXTargetDependency;
			target = 96E30C0B1AF4F851004257AA /* Happiness */;
			targetProxy = 96E30C221AF4F851004257AA /* PBXContainerItemProxy */;
		};
/* End PBXTargetDependency section */

/* Begin PBXVariantGroup section */
		96E30C151AF4F851004257AA /* Main.storyboard */ = {
			isa = PBXVariantGroup;
			children = (
				96E30C161AF4F851004257AA /* Base */,
			);
			name = Main.storyboard;
			sourceTree = "<group>";
		};
		96E30C1A1AF4F851004257AA /* LaunchScreen.xib */ = {
			isa = PBXVariantGroup;
			children = (
				96E30C1B1AF4F851004257AA /* Base */,
			);
			name = LaunchScreen.xib;
			sourceTree = "<group>";
		};
/* End PBXVariantGroup section */

/* Begin XCBuildConfiguration section */
		96E30C291AF4F851004257AA /* Debug */ = {
			isa = XCBuildConfiguration;
			buildSettings = {
				ALWAYS_SEARCH_USER_PATHS = NO;
				CLANG_CXX_LANGUAGE_STANDARD = "gnu++0x";
				CLANG_CXX_LIBRARY = "libc++";
				CLANG_ENABLE_MODULES = YES;
				CLANG_ENABLE_OBJC_ARC = YES;
				CLANG_WARN_BOOL_CONVERSION = YES;
				CLANG_WARN_CONSTANT_CONVERSION = YES;
				CLANG_WARN_DIRECT_OBJC_ISA_USAGE = YES_ERROR;
				CLANG_WARN_EMPTY_BODY = YES;
				CLANG_WARN_ENUM_CONVERSION = YES;
				CLANG_WARN_INT_CONVERSION = YES;
				CLANG_WARN_OBJC_ROOT_CLASS = YES_ERROR;
				CLANG_WARN_UNREACHABLE_CODE = YES;
				CLANG_WARN__DUPLICATE_METHOD_MATCH = YES;
				"CODE_SIGN_IDENTITY[sdk=iphoneos*]" = "iPhone Developer";
				COPY_PHASE_STRIP = NO;
				ENABLE_STRICT_OBJC_MSGSEND = YES;
				GCC_C_LANGUAGE_STANDARD = gnu99;
				GCC_DYNAMIC_NO_PIC = NO;
				GCC_OPTIMIZATION_LEVEL = 0;
				GCC_PREPROCESSOR_DEFINITIONS = (
					"DEBUG=1",
					"$(inherited)",
				);
				GCC_SYMBOLS_PRIVATE_EXTERN = NO;
				GCC_WARN_64_TO_32_BIT_CONVERSION = YES;
				GCC_WARN_ABOUT_RETURN_TYPE = YES_ERROR;
				GCC_WARN_UNDECLARED_SELECTOR = YES;
				GCC_WARN_UNINITIALIZED_AUTOS = YES_AGGRESSIVE;
				GCC_WARN_UNUSED_FUNCTION = YES;
				GCC_WARN_UNUSED_VARIABLE = YES;
				IPHONEOS_DEPLOYMENT_TARGET = 8.1;
				MTL_ENABLE_DEBUG_INFO = YES;
				ONLY_ACTIVE_ARCH = YES;
				SDKROOT = iphoneos;
				SWIFT_OPTIMIZATION_LEVEL = "-Onone";
				TARGETED_DEVICE_FAMILY = "1,2";
			};
			name = Debug;
		};
		96E30C2A1AF4F851004257AA /* Release */ = {
			isa = XCBuildConfiguration;
			buildSettings = {
				ALWAYS_SEARCH_USER_PATHS = NO;
				CLANG_CXX_LANGUAGE_STANDARD = "gnu++0x";
				CLANG_CXX_LIBRARY = "libc++";
				CLANG_ENABLE_MODULES = YES;
				CLANG_ENABLE_OBJC_ARC = YES;
				CLANG_WARN_BOOL_CONVERSION = YES;
				CLANG_WARN_CONSTANT_CONVERSION = YES;
				CLANG_WARN_DIRECT_OBJC_ISA_USAGE = YES_ERROR;
				CLANG_WARN_EMPTY_BODY = YES;
				CLANG_WARN_ENUM_CONVERSION = YES;
				CLANG_WARN_INT_CONVERSION = YES;
				CLANG_WARN_OBJC_ROOT_CLASS = YES_ERROR;
				CLANG_WARN_UNREACHABLE_CODE = YES;
				CLANG_WARN__DUPLICATE_METHOD_MATCH = YES;
				"CODE_SIGN_IDENTITY[sdk=iphoneos*]" = "iPhone Developer";
				COPY_PHASE_STRIP = YES;
				ENABLE_NS_ASSERTIONS = NO;
				ENABLE_STRICT_OBJC_MSGSEND = YES;
				GCC_C_LANGUAGE_STANDARD = gnu99;
				GCC_WARN_64_TO_32_BIT_CONVERSION = YES;
				GCC_WARN_ABOUT_RETURN_TYPE = YES_ERROR;
				GCC_WARN_UNDECLARED_SELECTOR = YES;
				GCC_WARN_UNINITIALIZED_AUTOS = YES_AGGRESSIVE;
				GCC_WARN_UNUSED_FUNCTION = YES;
				GCC_WARN_UNUSED_VARIABLE = YES;
				IPHONEOS_DEPLOYMENT_TARGET = 8.1;
				MTL_ENABLE_DEBUG_INFO = NO;
				SDKROOT = iphoneos;
				TARGETED_DEVICE_FAMILY = "1,2";
				VALIDATE_PRODUCT = YES;
			};
			name = Release;
		};
		96E30C2C1AF4F851004257AA /* Debug */ = {
			isa = XCBuildConfiguration;
			buildSettings = {
				ASSETCATALOG_COMPILER_APPICON_NAME = AppIcon;
				INFOPLIST_FILE = Happiness/Info.plist;
				IPHONEOS_DEPLOYMENT_TARGET = 8.1;
				LD_RUNPATH_SEARCH_PATHS = "$(inherited) @executable_path/Frameworks";
				PRODUCT_NAME = "$(TARGET_NAME)";
			};
			name = Debug;
		};
		96E30C2D1AF4F851004257AA /* Release */ = {
			isa = XCBuildConfiguration;
			buildSettings = {
				ASSETCATALOG_COMPILER_APPICON_NAME = AppIcon;
				INFOPLIST_FILE = Happiness/Info.plist;
				IPHONEOS_DEPLOYMENT_TARGET = 8.1;
				LD_RUNPATH_SEARCH_PATHS = "$(inherited) @executable_path/Frameworks";
				PRODUCT_NAME = "$(TARGET_NAME)";
			};
			name = Release;
		};
		96E30C2F1AF4F851004257AA /* Debug */ = {
			isa = XCBuildConfiguration;
			buildSettings = {
				BUNDLE_LOADER = "$(TEST_HOST)";
				FRAMEWORK_SEARCH_PATHS = (
					"$(SDKROOT)/Developer/Library/Frameworks",
					"$(inherited)",
				);
				GCC_PREPROCESSOR_DEFINITIONS = (
					"DEBUG=1",
					"$(inherited)",
				);
				INFOPLIST_FILE = HappinessTests/Info.plist;
				LD_RUNPATH_SEARCH_PATHS = "$(inherited) @executable_path/Frameworks @loader_path/Frameworks";
				PRODUCT_NAME = "$(TARGET_NAME)";
				TEST_HOST = "$(BUILT_PRODUCTS_DIR)/Happiness.app/Happiness";
			};
			name = Debug;
		};
		96E30C301AF4F851004257AA /* Release */ = {
			isa = XCBuildConfiguration;
			buildSettings = {
				BUNDLE_LOADER = "$(TEST_HOST)";
				FRAMEWORK_SEARCH_PATHS = (
					"$(SDKROOT)/Developer/Library/Frameworks",
					"$(inherited)",
				);
				INFOPLIST_FILE = HappinessTests/Info.plist;
				LD_RUNPATH_SEARCH_PATHS = "$(inherited) @executable_path/Frameworks @loader_path/Frameworks";
				PRODUCT_NAME = "$(TARGET_NAME)";
				TEST_HOST = "$(BUILT_PRODUCTS_DIR)/Happiness.app/Happiness";
			};
			name = Release;
		};
/* End XCBuildConfiguration section */

/* Begin XCConfigurationList section */
		96E30C071AF4F851004257AA /* Build configuration list for PBXProject "Happiness" */ = {
			isa = XCConfigurationList;
			buildConfigurations = (
				96E30C291AF4F851004257AA /* Debug */,
				96E30C2A1AF4F851004257AA /* Release */,
			);
			defaultConfigurationIsVisible = 0;
			defaultConfigurationName = Release;
		};
		96E30C2B1AF4F851004257AA /* Build configuration list for PBXNativeTarget "Happiness" */ = {
			isa = XCConfigurationList;
			buildConfigurations = (
				96E30C2C1AF4F851004257AA /* Debug */,
				96E30C2D1AF4F851004257AA /* Release */,
			);
			defaultConfigurationIsVisible = 0;
		};
		96E30C2E1AF4F851004257AA /* Build configuration list for PBXNativeTarget "HappinessTests" */ = {
			isa = XCConfigurationList;
			buildConfigurations = (
				96E30C2F1AF4F851004257AA /* Debug */,
				96E30C301AF4F851004257AA /* Release */,
			);
			defaultConfigurationIsVisible = 0;
		};
/* End XCConfigurationList section */
	};
	rootObject = 96E30C041AF4F851004257AA /* Project object */;
}
